
Microsoft Visual Studio Solution File, Format Version 12.00
# Visual Studio 14
VisualStudioVersion = 14.0.22823.1
MinimumVisualStudioVersion = 10.0.40219.1
Project("{FAE04EC0-301F-11D3-BF4B-00C04F79EFBC}") = "Shared", "Shared\Shared.csproj", "{267821FF-A334-449D-8DE8-5FDBF588A678}"
EndProject
Project("{FAE04EC0-301F-11D3-BF4B-00C04F79EFBC}") = "WebSite", "WebSite\WebSite.csproj", "{A0431F1F-9014-442B-8339-F09ED6F95042}"
EndProject
Project("{FAE04EC0-301F-11D3-BF4B-00C04F79EFBC}") = "CommentXMLParser", "CommentXMLParser\CommentXMLParser.csproj", "{1D4E5979-FF19-45BF-B260-345178BE5B50}"
EndProject
Project("{FAE04EC0-301F-11D3-BF4B-00C04F79EFBC}") = "TagServer", "TagServer\TagServer.csproj", "{916C84BB-F73B-4283-9FA1-A5411EE666F6}"
EndProject
Project("{2150E333-8FDC-42A3-9474-1A3956D46DE8}") = ".nuget", ".nuget", "{B8719BFE-C1C8-4461-9E65-EF2A92398E05}"
	ProjectSection(SolutionItems) = preProject
		.nuget\packages.config = .nuget\packages.config
	EndProjectSection
EndProject
Global
	GlobalSection(SolutionConfigurationPlatforms) = preSolution
		Debug|Any CPU = Debug|Any CPU
		Debug|x64 = Debug|x64
		Debug|x86 = Debug|x86
		Release|Any CPU = Release|Any CPU
		Release|x64 = Release|x64
		Release|x86 = Release|x86
	EndGlobalSection
	GlobalSection(ProjectConfigurationPlatforms) = postSolution
		{267821FF-A334-449D-8DE8-5FDBF588A678}.Debug|Any CPU.ActiveCfg = Debug|x64
		{267821FF-A334-449D-8DE8-5FDBF588A678}.Debug|Any CPU.Build.0 = Debug|x64
		{267821FF-A334-449D-8DE8-5FDBF588A678}.Debug|x64.ActiveCfg = Debug|x64
		{267821FF-A334-449D-8DE8-5FDBF588A678}.Debug|x64.Build.0 = Debug|x64
		{267821FF-A334-449D-8DE8-5FDBF588A678}.Debug|x86.ActiveCfg = Debug|Any CPU
		{267821FF-A334-449D-8DE8-5FDBF588A678}.Debug|x86.Build.0 = Debug|Any CPU
		{267821FF-A334-449D-8DE8-5FDBF588A678}.Release|Any CPU.ActiveCfg = Release|Any CPU
		{267821FF-A334-449D-8DE8-5FDBF588A678}.Release|Any CPU.Build.0 = Release|Any CPU
		{267821FF-A334-449D-8DE8-5FDBF588A678}.Release|x64.ActiveCfg = Release|x64
		{267821FF-A334-449D-8DE8-5FDBF588A678}.Release|x64.Build.0 = Release|x64
		{267821FF-A334-449D-8DE8-5FDBF588A678}.Release|x86.ActiveCfg = Release|x86
		{267821FF-A334-449D-8DE8-5FDBF588A678}.Release|x86.Build.0 = Release|x86
		{A0431F1F-9014-442B-8339-F09ED6F95042}.Debug|Any CPU.ActiveCfg = Debug|x64
		{A0431F1F-9014-442B-8339-F09ED6F95042}.Debug|Any CPU.Build.0 = Debug|x64
		{A0431F1F-9014-442B-8339-F09ED6F95042}.Debug|x64.ActiveCfg = Debug|x64
		{A0431F1F-9014-442B-8339-F09ED6F95042}.Debug|x64.Build.0 = Debug|x64
		{A0431F1F-9014-442B-8339-F09ED6F95042}.Debug|x86.ActiveCfg = Debug|Any CPU
		{A0431F1F-9014-442B-8339-F09ED6F95042}.Debug|x86.Build.0 = Debug|Any CPU
		{A0431F1F-9014-442B-8339-F09ED6F95042}.Release|Any CPU.ActiveCfg = Release|Any CPU
		{A0431F1F-9014-442B-8339-F09ED6F95042}.Release|Any CPU.Build.0 = Release|Any CPU
		{A0431F1F-9014-442B-8339-F09ED6F95042}.Release|x64.ActiveCfg = Release|x64
		{A0431F1F-9014-442B-8339-F09ED6F95042}.Release|x64.Build.0 = Release|x64
		{A0431F1F-9014-442B-8339-F09ED6F95042}.Release|x86.ActiveCfg = Release|x86
		{A0431F1F-9014-442B-8339-F09ED6F95042}.Release|x86.Build.0 = Release|x86
		{1D4E5979-FF19-45BF-B260-345178BE5B50}.Debug|Any CPU.ActiveCfg = Debug|x64
		{1D4E5979-FF19-45BF-B260-345178BE5B50}.Debug|Any CPU.Build.0 = Debug|x64
		{1D4E5979-FF19-45BF-B260-345178BE5B50}.Debug|x64.ActiveCfg = Debug|x64
		{1D4E5979-FF19-45BF-B260-345178BE5B50}.Debug|x64.Build.0 = Debug|x64
		{1D4E5979-FF19-45BF-B260-345178BE5B50}.Debug|x86.ActiveCfg = Debug|x86
		{1D4E5979-FF19-45BF-B260-345178BE5B50}.Debug|x86.Build.0 = Debug|x86
		{1D4E5979-FF19-45BF-B260-345178BE5B50}.Release|Any CPU.ActiveCfg = Release|Any CPU
		{1D4E5979-FF19-45BF-B260-345178BE5B50}.Release|Any CPU.Build.0 = Release|Any CPU
		{1D4E5979-FF19-45BF-B260-345178BE5B50}.Release|x64.ActiveCfg = Release|x64
		{1D4E5979-FF19-45BF-B260-345178BE5B50}.Release|x64.Build.0 = Release|x64
		{1D4E5979-FF19-45BF-B260-345178BE5B50}.Release|x86.ActiveCfg = Release|x86
		{1D4E5979-FF19-45BF-B260-345178BE5B50}.Release|x86.Build.0 = Release|x86
		{916C84BB-F73B-4283-9FA1-A5411EE666F6}.Debug|Any CPU.ActiveCfg = Debug|x64
		{916C84BB-F73B-4283-9FA1-A5411EE666F6}.Debug|Any CPU.Build.0 = Debug|x64
		{916C84BB-F73B-4283-9FA1-A5411EE666F6}.Debug|x64.ActiveCfg = Debug|x64
		{916C84BB-F73B-4283-9FA1-A5411EE666F6}.Debug|x64.Build.0 = Debug|x64
		{916C84BB-F73B-4283-9FA1-A5411EE666F6}.Debug|x86.ActiveCfg = Debug|x86
		{916C84BB-F73B-4283-9FA1-A5411EE666F6}.Debug|x86.Build.0 = Debug|x86
		{916C84BB-F73B-4283-9FA1-A5411EE666F6}.Release|Any CPU.ActiveCfg = Release|Any CPU
		{916C84BB-F73B-4283-9FA1-A5411EE666F6}.Release|Any CPU.Build.0 = Release|Any CPU
		{916C84BB-F73B-4283-9FA1-A5411EE666F6}.Release|x64.ActiveCfg = Release|x64
		{916C84BB-F73B-4283-9FA1-A5411EE666F6}.Release|x64.Build.0 = Release|x64
		{916C84BB-F73B-4283-9FA1-A5411EE666F6}.Release|x86.ActiveCfg = Release|x86
		{916C84BB-F73B-4283-9FA1-A5411EE666F6}.Release|x86.Build.0 = Release|x86
	EndGlobalSection
	GlobalSection(SolutionProperties) = preSolution
		HideSolutionNode = FALSE
	EndGlobalSection
EndGlobal
